
Microsoft Visual Studio Solution File, Format Version 12.00
# Visual Studio Version 17
VisualStudioVersion = 17.7.34031.279
MinimumVisualStudioVersion = 10.0.40219.1
Project("{FAE04EC0-301F-11D3-BF4B-00C04F79EFBC}") = "BinarySearch", "BinarySearch\BinarySearch.csproj", "{23E06872-85F4-4A8B-A800-EA329E422D79}"
EndProject
Global
	GlobalSection(SolutionConfigurationPlatforms) = preSolution
		Debug|Any CPU = Debug|Any CPU
		Release|Any CPU = Release|Any CPU
	EndGlobalSection
	GlobalSection(ProjectConfigurationPlatforms) = postSolution
		{23E06872-85F4-4A8B-A800-EA329E422D79}.Debug|Any CPU.ActiveCfg = Debug|Any CPU
		{23E06872-85F4-4A8B-A800-EA329E422D79}.Debug|Any CPU.Build.0 = Debug|Any CPU
		{23E06872-85F4-4A8B-A800-EA329E422D79}.Release|Any CPU.ActiveCfg = Release|Any CPU
		{23E06872-85F4-4A8B-A800-EA329E422D79}.Release|Any CPU.Build.0 = Release|Any CPU
	EndGlobalSection
	GlobalSection(SolutionProperties) = preSolution
		HideSolutionNode = FALSE
	EndGlobalSection
	GlobalSection(ExtensibilityGlobals) = postSolution
		SolutionGuid = {659B96EB-2FD1-48EC-B490-D3B93E58E659}
	EndGlobalSection
EndGlobal
